{
  "name": "meme-app",
  "version": "0.1.0",
  "lockfileVersion": 1,
  "requires": true,
  "dependencies": {
    "@microsoft/load-themed-styles": {
      "version": "1.7.73",
      "resolved": "https://registry.npmjs.org/@microsoft/load-themed-styles/-/load-themed-styles-1.7.73.tgz",
      "integrity": "sha1-dx/vP43UY3ZEPaYEDHXBlmfZk0g="
    },
    "@types/prop-types": {
      "version": "15.5.3",
      "resolved": "https://registry.npmjs.org/@types/prop-types/-/prop-types-15.5.3.tgz",
      "integrity": "sha512-sfjHrNF4zWRv3fJUGyZW46wVxhYJ/GeWIPdKxbnLIhY3bWR0Ncl2kIhZI7rpjY9KtUQAkDP8jWEmaGQGFFvruA=="
    },
    "@uifabric/icons": {
      "version": "6.0.2",
      "resolved": "https://registry.npmjs.org/@uifabric/icons/-/icons-6.0.2.tgz",
      "integrity": "sha512-M8xfGdxEOUQJ8XQnviFFvystaiy1Ox08ml1WVw+IWhycG7s6eh/vy/WU5kYlECCHcDmGGR0laGT5Jd60Jrfdsg==",
      "requires": {
        "@uifabric/styling": "6.12.0",
        "tslib": "1.9.3"
      }
    },
    "@uifabric/merge-styles": {
      "version": "6.6.0",
      "resolved": "https://registry.npmjs.org/@uifabric/merge-styles/-/merge-styles-6.6.0.tgz",
      "integrity": "sha512-8SjqRNuOA+R6y26xsR59xKCVhJoSRT3lnY/lo58C53Q6s/XpaXt/0YqYYKFCbrxOzMa4V4nSygQYBDwwsskJgg==",
      "requires": {
        "tslib": "1.9.3"
      }
    },
    "@uifabric/styling": {
      "version": "6.12.0",
      "resolved": "https://registry.npmjs.org/@uifabric/styling/-/styling-6.12.0.tgz",
      "integrity": "sha512-9au+NXIBOfwlzbjxnj9NfD0lawcm8xLGr6KrgfQStgKp2D01t4drNxRGcpb8UDx7+TgjW6qayErDZPS6z7xWEQ==",
      "requires": {
        "@microsoft/load-themed-styles": "1.7.73",
        "@uifabric/merge-styles": "6.6.0",
        "@uifabric/utilities": "6.12.1",
        "tslib": "1.9.3"
      }
    },
    "@uifabric/utilities": {
      "version": "6.12.1",
      "resolved": "https://registry.npmjs.org/@uifabric/utilities/-/utilities-6.12.1.tgz",
      "integrity": "sha512-smH/ITmdULk58EGgpuiby/yZAcZ+u06I1yBu9ZqE1S+boXUr+eeKxCZqgOrMZJWPq/gOGogjFxd9x7dN4ygW7g==",
      "requires": {
        "@types/prop-types": "15.5.3",
        "@uifabric/merge-styles": "6.6.0",
        "prop-types": "15.6.2",
        "tslib": "1.9.3"
      }
    },
    "js-tokens": {
      "version": "4.0.0",
      "resolved": "https://registry.npmjs.org/js-tokens/-/js-tokens-4.0.0.tgz",
      "integrity": "sha512-RdJUflcE3cUzKiMqQgsCu06FPu9UdIJO0beYbPhHN4k6apgJtifcoCtT9bcxOpYBtpD2kCM6Sbzg4CausW/PKQ=="
    },
    "loose-envify": {
      "version": "1.4.0",
      "resolved": "https://registry.npmjs.org/loose-envify/-/loose-envify-1.4.0.tgz",
      "integrity": "sha512-lyuxPGr/Wfhrlem2CL/UcnUc1zcqKAImBDzukY7Y5F/yQiNdko6+fRLevlw1HgMySw7f611UIY408EtxRSoK3Q==",
      "requires": {
        "js-tokens": "4.0.0"
      }
    },
    "object-assign": {
      "version": "4.1.1",
      "resolved": "https://registry.npmjs.org/object-assign/-/object-assign-4.1.1.tgz",
      "integrity": "sha1-IQmtx5ZYh8/AXLvUQsrIv7s2CGM="
    },
    "office-ui-fabric-react": {
      "version": "6.41.0",
      "resolved": "https://registry.npmjs.org/office-ui-fabric-react/-/office-ui-fabric-react-6.41.0.tgz",
      "integrity": "sha512-aiITPL1c3/Z4ieNJNHhaphRb643IAiah3qsJ5iGFB18/AdFYr6qWQkpglDIYi/0ESrEd946VSwzoVXult/RCSg==",
      "requires": {
        "@microsoft/load-themed-styles": "1.7.73",
        "@types/prop-types": "15.5.3",
        "@uifabric/icons": "6.0.2",
        "@uifabric/merge-styles": "6.6.0",
        "@uifabric/styling": "6.12.0",
        "@uifabric/utilities": "6.12.1",
        "prop-types": "15.6.2",
        "tslib": "1.9.3"
      }
    },
    "prop-types": {
      "version": "15.6.2",
      "resolved": "https://registry.npmjs.org/prop-types/-/prop-types-15.6.2.tgz",
      "integrity": "sha512-3pboPvLiWD7dkI3qf3KbUe6hKFKa52w+AE0VCqECtf+QHAKgOL37tTaNCnuX1nAAQ4ZhyP+kYVKf8rLmJ/feDQ==",
      "requires": {
        "loose-envify": "1.4.0",
        "object-assign": "4.1.1"
      }
    },
    "tslib": {
      "version": "1.9.3",
      "resolved": "https://registry.npmjs.org/tslib/-/tslib-1.9.3.tgz",
      "integrity": "sha512-4krF8scpejhaOgqzBEcGM7yDIEfi0/8+8zDRZhNZZ2kjmHJ4hv3zCbQWxoJGz1iw5U0Jl0nma13xzHXcncMavQ=="
    }
  }
}
